{
  "nodes": {
    "nixpkgs": {
      "locked": {
        "lastModified": 1603791524,
        "narHash": "sha256-Oj6fFjEGK+9vN/lwo2cvEXVh1RRj5M/teDFY6faK6Ig=",
        "owner": "NixOS",
        "repo": "nixpkgs",
        "rev": "791b40e320a559ef9395cdbd9e6b84bdc69b137f",
        "type": "github"
      },
      "original": {
        "id": "nixpkgs",
        "type": "indirect"
      }
    },
    "root": {
      "inputs": {
        "nixpkgs": "nixpkgs"
      }
    }
  },
  "root": "root",
  "version": 7
}
