{
  "nodes": {
    "nixpkgs": {
      "locked": {
        "lastModified": 1609329489,
        "narHash": "sha256-8f2XEegzdIXpInQUiKue1f63l3+QZ3Whbb3JIKhVc2I=",
        "owner": "NixOS",
        "repo": "nixpkgs",
        "rev": "b8baadcf4bcc798f866d8629e8a474f184d297e6",
        "type": "github"
      },
      "original": {
        "id": "nixpkgs",
        "type": "indirect"
      }
    },
    "root": {
      "inputs": {
        "nixpkgs": "nixpkgs"
      }
    }
  },
  "root": "root",
  "version": 7
}
